
Microsoft Visual Studio Solution File, Format Version 12.00
# Visual Studio 2013
VisualStudioVersion = 12.0.30501.0
MinimumVisualStudioVersion = 10.0.40219.1
Project("{FAE04EC0-301F-11D3-BF4B-00C04F79EFBC}") = "comp2007-assignment1", "comp2007-assignment1\comp2007-assignment1.csproj", "{1380F5EA-9D3A-4034-94CA-13340A8D6B3D}"
EndProject
Project("{2150E333-8FDC-42A3-9474-1A3956D46DE8}") = "PublishScripts", "PublishScripts", "{DF75AB49-B9DB-4E5E-AB9F-849117BC3C70}"
	ProjectSection(SolutionItems) = preProject
		PublishScripts\AzureWebsitePublishModule.psm1 = PublishScripts\AzureWebsitePublishModule.psm1
		PublishScripts\Publish-WebApplicationWebsite.ps1 = PublishScripts\Publish-WebApplicationWebsite.ps1
	EndProjectSection
EndProject
Project("{2150E333-8FDC-42A3-9474-1A3956D46DE8}") = "Configurations", "Configurations", "{D5926619-32D4-465B-8E7E-CB7E80636518}"
	ProjectSection(SolutionItems) = preProject
		PublishScripts\Configurations\comp2007-assignment1-WAWS-dev.json = PublishScripts\Configurations\comp2007-assignment1-WAWS-dev.json
	EndProjectSection
EndProject
Global
	GlobalSection(SolutionConfigurationPlatforms) = preSolution
		Debug|Any CPU = Debug|Any CPU
		Release|Any CPU = Release|Any CPU
	EndGlobalSection
	GlobalSection(ProjectConfigurationPlatforms) = postSolution
		{1380F5EA-9D3A-4034-94CA-13340A8D6B3D}.Debug|Any CPU.ActiveCfg = Debug|Any CPU
		{1380F5EA-9D3A-4034-94CA-13340A8D6B3D}.Debug|Any CPU.Build.0 = Debug|Any CPU
		{1380F5EA-9D3A-4034-94CA-13340A8D6B3D}.Release|Any CPU.ActiveCfg = Release|Any CPU
		{1380F5EA-9D3A-4034-94CA-13340A8D6B3D}.Release|Any CPU.Build.0 = Release|Any CPU
	EndGlobalSection
	GlobalSection(SolutionProperties) = preSolution
		HideSolutionNode = FALSE
	EndGlobalSection
	GlobalSection(NestedProjects) = preSolution
		{D5926619-32D4-465B-8E7E-CB7E80636518} = {DF75AB49-B9DB-4E5E-AB9F-849117BC3C70}
	EndGlobalSection
EndGlobal
